{
  "name": "update-dotnet-sdk",
  "version": "1.0.0",
  "lockfileVersion": 1,
  "requires": true,
  "dependencies": {
    "@actions/core": {
      "version": "1.2.6",
      "resolved": "http://packages.je-labs.com/npm/private-npm/@actions/core/-/core-1.2.6.tgz",
      "integrity": "sha512-ZQYitnqiyBc3D+k7LsgSBmMDVkOVidaagDG7j3fOym77jNunWRuYx7VSHa9GNfFZh+zh61xsCjRj4JxMZlDqTA=="
    },
    "@actions/github": {
      "version": "4.0.0",
      "resolved": "http://packages.je-labs.com/npm/private-npm/@actions/github/-/github-4.0.0.tgz",
      "integrity": "sha512-Ej/Y2E+VV6sR9X7pWL5F3VgEWrABaT292DRqRU6R4hnQjPtC/zD3nagxVdXWiRQvYDh8kHXo7IDmG42eJ/dOMA==",
      "requires": {
        "@actions/http-client": "^1.0.8",
        "@octokit/core": "^3.0.0",
        "@octokit/plugin-paginate-rest": "^2.2.3",
        "@octokit/plugin-rest-endpoint-methods": "^4.0.0"
      }
    },
    "@actions/http-client": {
      "version": "1.0.9",
      "resolved": "http://packages.je-labs.com/npm/private-npm/@actions/http-client/-/http-client-1.0.9.tgz",
      "integrity": "sha512-0O4SsJ7q+MK0ycvXPl2e6bMXV7dxAXOGjrXS1eTF9s2S401Tp6c/P3c3Joz04QefC1J6Gt942Wl2jbm3f4mLcg==",
      "requires": {
        "tunnel": "0.0.6"
      }
    },
    "@octokit/auth-token": {
      "version": "2.4.3",
      "resolved": "http://packages.je-labs.com/npm/private-npm/@octokit/auth-token/-/auth-token-2.4.3.tgz",
      "integrity": "sha1-uGi18jZlM6fmKTPqoRgaiSQijMQ=",
      "requires": {
        "@octokit/types": "^5.0.0"
      }
    },
    "@octokit/core": {
      "version": "3.2.1",
      "resolved": "http://packages.je-labs.com/npm/private-npm/@octokit/core/-/core-3.2.1.tgz",
      "integrity": "sha512-XfFSDDwv6tclUenS0EmB6iA7u+4aOHBT1Lz4PtQNQQg3hBbNaR/+Uv5URU+egeIuuGAiMRiDyY92G4GBOWOqDA==",
      "requires": {
        "@octokit/auth-token": "^2.4.0",
        "@octokit/graphql": "^4.3.1",
        "@octokit/request": "^5.4.0",
        "@octokit/types": "^5.0.0",
        "before-after-hook": "^2.1.0",
        "universal-user-agent": "^6.0.0"
      }
    },
    "@octokit/endpoint": {
      "version": "6.0.9",
      "resolved": "http://packages.je-labs.com/npm/private-npm/@octokit/endpoint/-/endpoint-6.0.9.tgz",
      "integrity": "sha1-xqdy4CQgKxvRmrafkOBTaiWYsT4=",
      "requires": {
        "@octokit/types": "^5.0.0",
        "is-plain-object": "^5.0.0",
        "universal-user-agent": "^6.0.0"
      }
    },
    "@octokit/graphql": {
      "version": "4.5.7",
      "resolved": "http://packages.je-labs.com/npm/private-npm/@octokit/graphql/-/graphql-4.5.7.tgz",
      "integrity": "sha512-Gk0AR+DcwIK/lK/GX+OQ99UqtenQhcbrhHHfOYlrCQe17ADnX3EKAOKRsAZ9qZvpi5MuwWm/Nm+9aO2kTDSdyA==",
      "requires": {
        "@octokit/request": "^5.3.0",
        "@octokit/types": "^5.0.0",
        "universal-user-agent": "^6.0.0"
      }
    },
    "@octokit/plugin-paginate-rest": {
      "version": "2.6.0",
      "resolved": "http://packages.je-labs.com/npm/private-npm/@octokit/plugin-paginate-rest/-/plugin-paginate-rest-2.6.0.tgz",
      "integrity": "sha512-o+O8c1PqsC5++BHXfMZabRRsBIVb34tXPWyQLyp2IXq5MmkxdipS7TXM4Y9ldL1PzY9CTrCsn/lzFFJGM3oRRA==",
      "requires": {
        "@octokit/types": "^5.5.0"
      }
    },
    "@octokit/plugin-rest-endpoint-methods": {
      "version": "4.2.1",
      "resolved": "http://packages.je-labs.com/npm/private-npm/@octokit/plugin-rest-endpoint-methods/-/plugin-rest-endpoint-methods-4.2.1.tgz",
      "integrity": "sha512-QyFr4Bv807Pt1DXZOC5a7L5aFdrwz71UHTYoHVajYV5hsqffWm8FUl9+O7nxRu5PDMtB/IKrhFqTmdBTK5cx+A==",
      "requires": {
        "@octokit/types": "^5.5.0",
        "deprecation": "^2.3.1"
      }
    },
    "@octokit/request": {
      "version": "5.4.10",
      "resolved": "http://packages.je-labs.com/npm/private-npm/@octokit/request/-/request-5.4.10.tgz",
      "integrity": "sha1-QC0sU3aL3hK5k0gym6QSl0auu5w=",
      "requires": {
        "@octokit/endpoint": "^6.0.1",
        "@octokit/request-error": "^2.0.0",
        "@octokit/types": "^5.0.0",
        "deprecation": "^2.0.0",
        "is-plain-object": "^5.0.0",
        "node-fetch": "^2.6.1",
        "once": "^1.4.0",
        "universal-user-agent": "^6.0.0"
      }
    },
    "@octokit/request-error": {
      "version": "2.0.3",
      "resolved": "http://packages.je-labs.com/npm/private-npm/@octokit/request-error/-/request-error-2.0.3.tgz",
      "integrity": "sha1-tRsgAFK/SD9vpWyefjqlHq027Ng=",
      "requires": {
        "@octokit/types": "^5.0.1",
        "deprecation": "^2.0.0",
        "once": "^1.4.0"
      }
    },
    "@octokit/types": {
      "version": "5.5.0",
      "resolved": "http://packages.je-labs.com/npm/private-npm/@octokit/types/-/types-5.5.0.tgz",
      "integrity": "sha1-5fBujbISRsoQKqKERM2xOuF6E5s=",
      "requires": {
        "@types/node": ">= 8"
      }
    },
    "@types/node": {
      "version": "14.14.7",
      "resolved": "http://packages.je-labs.com/npm/private-npm/@types/node/-/node-14.14.7.tgz",
      "integrity": "sha1-jqHo+OriQwz0QFZLmMbfzh7FlF0="
    },
    "before-after-hook": {
      "version": "2.1.0",
      "resolved": "http://packages.je-labs.com/npm/private-npm/before-after-hook/-/before-after-hook-2.1.0.tgz",
      "integrity": "sha1-tsA0h/ROJCAN0wyl5qGXnF0vtjU="
    },
    "deprecation": {
      "version": "2.3.1",
      "resolved": "http://packages.je-labs.com/npm/private-npm/deprecation/-/deprecation-2.3.1.tgz",
      "integrity": "sha1-Y2jL20Cr8zc7UlrIfkomDDpwCRk="
    },
    "is-plain-object": {
      "version": "5.0.0",
      "resolved": "http://packages.je-labs.com/npm/private-npm/is-plain-object/-/is-plain-object-5.0.0.tgz",
      "integrity": "sha1-RCf1CrNCnpAl6n1S6QQ6nvQVk0Q="
    },
    "node-fetch": {
      "version": "2.6.1",
      "resolved": "http://packages.je-labs.com/npm/private-npm/node-fetch/-/node-fetch-2.6.1.tgz",
      "integrity": "sha1-BFvTI2Mfdu0uK1VXM5RBa2OaAFI="
    },
    "once": {
      "version": "1.4.0",
      "resolved": "http://packages.je-labs.com/npm/private-npm/once/-/once-1.4.0.tgz",
      "integrity": "sha1-WDsap3WWHUsROsF9nFC6753Xa9E=",
      "requires": {
        "wrappy": "1"
      }
    },
    "tunnel": {
      "version": "0.0.6",
      "resolved": "http://packages.je-labs.com/npm/private-npm/tunnel/-/tunnel-0.0.6.tgz",
      "integrity": "sha1-cvExSzSlsZLbASMk3yzFh8pH+Sw="
    },
    "universal-user-agent": {
      "version": "6.0.0",
      "resolved": "http://packages.je-labs.com/npm/private-npm/universal-user-agent/-/universal-user-agent-6.0.0.tgz",
      "integrity": "sha1-M4H4UDslHA2c0hvB3pOeyd9UgO4="
    },
    "wrappy": {
      "version": "1.0.2",
      "resolved": "http://packages.je-labs.com/npm/private-npm/wrappy/-/wrappy-1.0.2.tgz",
      "integrity": "sha1-tSQ9jz7BqjXxNkYFvA0QNuMKtp8="
    }
  }
}
